
Microsoft Visual Studio Solution File, Format Version 12.00
# Visual Studio Version 17
VisualStudioVersion = 17.3.32901.215
MinimumVisualStudioVersion = 10.0.40219.1
Project("{9A19103F-16F7-4668-BE54-9A1E7A4F7556}") = "ScriptDrawer.Core", "ScriptDrawer.Core\ScriptDrawer.Core.csproj", "{40F4A16F-80A0-40C3-A50C-2BEFB62F048C}"
EndProject
Project("{9A19103F-16F7-4668-BE54-9A1E7A4F7556}") = "ScriptDrawer.Demo", "ScriptDrawer.Demo\ScriptDrawer.Demo.csproj", "{CF70982B-C41D-48CF-AF1C-F2F4CF9F00B5}"
EndProject
Project("{9A19103F-16F7-4668-BE54-9A1E7A4F7556}") = "ScriptDrawer.Shared", "ScriptDrawer.Shared\ScriptDrawer.Shared.csproj", "{8F3B212B-0E54-4905-9519-B99E39E61039}"
EndProject
Project("{9A19103F-16F7-4668-BE54-9A1E7A4F7556}") = "ScriptDrawer.Cli", "ScriptDrawer.Cli\ScriptDrawer.Cli.csproj", "{ED3A7186-D3D5-4103-8259-ED26D53C7775}"
EndProject
Project("{9A19103F-16F7-4668-BE54-9A1E7A4F7556}") = "ScriptDrawer.DependencyInjection", "ScriptDrawer.DependencyInjection\ScriptDrawer.DependencyInjection.csproj", "{D7D863F3-8F19-47AA-A787-86106A62226E}"
EndProject
Project("{9A19103F-16F7-4668-BE54-9A1E7A4F7556}") = "ScriptDrawer.Serialization", "ScriptDrawer.Serialization\ScriptDrawer.Serialization.csproj", "{FF857FBF-2CC8-4961-B43A-CF0314C75613}"
EndProject
Project("{2150E333-8FDC-42A3-9474-1A3956D46DE8}") = "Demo", "Demo", "{98D62783-61E6-4588-85EB-04EAF5994296}"
	ProjectSection(SolutionItems) = preProject
		Demo\demo.config.yaml = Demo\demo.config.yaml
		Demo\demo.pipeline.csx = Demo\demo.pipeline.csx
	EndProjectSection
EndProject
Global
	GlobalSection(SolutionConfigurationPlatforms) = preSolution
		Debug|Any CPU = Debug|Any CPU
		Release|Any CPU = Release|Any CPU
	EndGlobalSection
	GlobalSection(ProjectConfigurationPlatforms) = postSolution
		{40F4A16F-80A0-40C3-A50C-2BEFB62F048C}.Debug|Any CPU.ActiveCfg = Debug|Any CPU
		{40F4A16F-80A0-40C3-A50C-2BEFB62F048C}.Debug|Any CPU.Build.0 = Debug|Any CPU
		{40F4A16F-80A0-40C3-A50C-2BEFB62F048C}.Release|Any CPU.ActiveCfg = Release|Any CPU
		{40F4A16F-80A0-40C3-A50C-2BEFB62F048C}.Release|Any CPU.Build.0 = Release|Any CPU
		{CF70982B-C41D-48CF-AF1C-F2F4CF9F00B5}.Debug|Any CPU.ActiveCfg = Debug|Any CPU
		{CF70982B-C41D-48CF-AF1C-F2F4CF9F00B5}.Debug|Any CPU.Build.0 = Debug|Any CPU
		{CF70982B-C41D-48CF-AF1C-F2F4CF9F00B5}.Release|Any CPU.ActiveCfg = Release|Any CPU
		{CF70982B-C41D-48CF-AF1C-F2F4CF9F00B5}.Release|Any CPU.Build.0 = Release|Any CPU
		{8F3B212B-0E54-4905-9519-B99E39E61039}.Debug|Any CPU.ActiveCfg = Debug|Any CPU
		{8F3B212B-0E54-4905-9519-B99E39E61039}.Debug|Any CPU.Build.0 = Debug|Any CPU
		{8F3B212B-0E54-4905-9519-B99E39E61039}.Release|Any CPU.ActiveCfg = Release|Any CPU
		{8F3B212B-0E54-4905-9519-B99E39E61039}.Release|Any CPU.Build.0 = Release|Any CPU
		{ED3A7186-D3D5-4103-8259-ED26D53C7775}.Debug|Any CPU.ActiveCfg = Debug|Any CPU
		{ED3A7186-D3D5-4103-8259-ED26D53C7775}.Debug|Any CPU.Build.0 = Debug|Any CPU
		{ED3A7186-D3D5-4103-8259-ED26D53C7775}.Release|Any CPU.ActiveCfg = Release|Any CPU
		{ED3A7186-D3D5-4103-8259-ED26D53C7775}.Release|Any CPU.Build.0 = Release|Any CPU
		{D7D863F3-8F19-47AA-A787-86106A62226E}.Debug|Any CPU.ActiveCfg = Debug|Any CPU
		{D7D863F3-8F19-47AA-A787-86106A62226E}.Debug|Any CPU.Build.0 = Debug|Any CPU
		{D7D863F3-8F19-47AA-A787-86106A62226E}.Release|Any CPU.ActiveCfg = Release|Any CPU
		{D7D863F3-8F19-47AA-A787-86106A62226E}.Release|Any CPU.Build.0 = Release|Any CPU
		{FF857FBF-2CC8-4961-B43A-CF0314C75613}.Debug|Any CPU.ActiveCfg = Debug|Any CPU
		{FF857FBF-2CC8-4961-B43A-CF0314C75613}.Debug|Any CPU.Build.0 = Debug|Any CPU
		{FF857FBF-2CC8-4961-B43A-CF0314C75613}.Release|Any CPU.ActiveCfg = Release|Any CPU
		{FF857FBF-2CC8-4961-B43A-CF0314C75613}.Release|Any CPU.Build.0 = Release|Any CPU
	EndGlobalSection
	GlobalSection(SolutionProperties) = preSolution
		HideSolutionNode = FALSE
	EndGlobalSection
	GlobalSection(ExtensibilityGlobals) = postSolution
		SolutionGuid = {ADB4FF42-A833-4648-9475-88C86EF43250}
	EndGlobalSection
EndGlobal
